Microsoft Visual Studio Solution File, Format Version 11.00
# Visual Studio 2008

Project("{0CA9D291-6DFA-D459-FE65-06F0D1C6EF42}") = "fog-of-war-master", "Assembly-CSharp-firstpass.csproj", "{8AE6DCD5-2FEC-03BC-413D-4FB17DB473BA}"
EndProject
Project("{0CA9D291-6DFA-D459-FE65-06F0D1C6EF42}") = "fog-of-war-master", "Assembly-CSharp.csproj", "{79ABBDDE-0CB4-BE5A-1B98-F3B4AE13B674}"
EndProject
Project("{0CA9D291-6DFA-D459-FE65-06F0D1C6EF42}") = "fog-of-war-master", "Assembly-CSharp-Editor.csproj", "{7DF7C3B2-EC89-28A2-58CF-B653CC0C4AE7}"
EndProject
Global
	GlobalSection(SolutionConfigurationPlatforms) = preSolution
		Debug|Any CPU = Debug|Any CPU
		Release|Any CPU = Release|Any CPU
	EndGlobalSection
	GlobalSection(ProjectConfigurationPlatforms) = postSolution
		{8AE6DCD5-2FEC-03BC-413D-4FB17DB473BA}.Debug|Any CPU.ActiveCfg = Debug|Any CPU
		{8AE6DCD5-2FEC-03BC-413D-4FB17DB473BA}.Debug|Any CPU.Build.0 = Debug|Any CPU
		{8AE6DCD5-2FEC-03BC-413D-4FB17DB473BA}.Release|Any CPU.ActiveCfg = Release|Any CPU
		{8AE6DCD5-2FEC-03BC-413D-4FB17DB473BA}.Release|Any CPU.Build.0 = Release|Any CPU
		{79ABBDDE-0CB4-BE5A-1B98-F3B4AE13B674}.Debug|Any CPU.ActiveCfg = Debug|Any CPU
		{79ABBDDE-0CB4-BE5A-1B98-F3B4AE13B674}.Debug|Any CPU.Build.0 = Debug|Any CPU
		{79ABBDDE-0CB4-BE5A-1B98-F3B4AE13B674}.Release|Any CPU.ActiveCfg = Release|Any CPU
		{79ABBDDE-0CB4-BE5A-1B98-F3B4AE13B674}.Release|Any CPU.Build.0 = Release|Any CPU
		{7DF7C3B2-EC89-28A2-58CF-B653CC0C4AE7}.Debug|Any CPU.ActiveCfg = Debug|Any CPU
		{7DF7C3B2-EC89-28A2-58CF-B653CC0C4AE7}.Debug|Any CPU.Build.0 = Debug|Any CPU
		{7DF7C3B2-EC89-28A2-58CF-B653CC0C4AE7}.Release|Any CPU.ActiveCfg = Release|Any CPU
		{7DF7C3B2-EC89-28A2-58CF-B653CC0C4AE7}.Release|Any CPU.Build.0 = Release|Any CPU
	EndGlobalSection
	GlobalSection(SolutionProperties) = preSolution
		HideSolutionNode = FALSE
	EndGlobalSection
	GlobalSection(MonoDevelopProperties) = preSolution
		StartupItem = Assembly-CSharp.csproj
	EndGlobalSection
EndGlobal
